
Microsoft Visual Studio Solution File, Format Version 12.00
# Visual Studio Version 17
VisualStudioVersion = 17.9.34728.123
MinimumVisualStudioVersion = 10.0.40219.1
Project("{FAE04EC0-301F-11D3-BF4B-00C04F79EFBC}") = "CreditCardRewardsOptimizerV2", "CreditCardRewardsOptimizerV2.csproj", "{31EDE23D-3CED-441A-AA55-01DB7D65CF54}"
EndProject
Global
	GlobalSection(SolutionConfigurationPlatforms) = preSolution
		Debug|Any CPU = Debug|Any CPU
		Release|Any CPU = Release|Any CPU
	EndGlobalSection
	GlobalSection(ProjectConfigurationPlatforms) = postSolution
		{31EDE23D-3CED-441A-AA55-01DB7D65CF54}.Debug|Any CPU.ActiveCfg = Debug|Any CPU
		{31EDE23D-3CED-441A-AA55-01DB7D65CF54}.Debug|Any CPU.Build.0 = Debug|Any CPU
		{31EDE23D-3CED-441A-AA55-01DB7D65CF54}.Release|Any CPU.ActiveCfg = Release|Any CPU
		{31EDE23D-3CED-441A-AA55-01DB7D65CF54}.Release|Any CPU.Build.0 = Release|Any CPU
	EndGlobalSection
	GlobalSection(SolutionProperties) = preSolution
		HideSolutionNode = FALSE
	EndGlobalSection
	GlobalSection(ExtensibilityGlobals) = postSolution
		SolutionGuid = {599FF293-800E-497A-BE31-F8EB336C465E}
	EndGlobalSection
EndGlobal
